# This file was autogenerated by Stack.
# You should not edit this file by hand.
# For more information, please see the documentation at:
#   https://docs.haskellstack.org/en/stable/lock_files

packages:
- completed:
    hackage: xmonad-0.17.0@sha256:fc90c8fa647390c68c902912a5a7417f04025dfe72f7de51b248217f7ca0d484,5533
    pantry-tree:
      size: 2485
      sha256: 6fd7c6a64621a088fcbb2e5a66030a78b0832d7341e4c465d3aeb4e668d097a5
  original:
    hackage: xmonad-0.17.0
- completed:
    hackage: xmonad-contrib-0.17.0@sha256:defd04a9ca0e031eb7280b734ccd6d6b73f757babfe4a561a7ff718e75211749,20357
    pantry-tree:
      size: 21783
      sha256: 81a4589ef85fed434a852ba1324466b5ad8f4fd752cd88840aa4ea4348a16cec
  original:
    hackage: xmonad-contrib-0.17.0
- completed:
    name: xmobar
    version: '0.40'
    git: https://github.com/jaor/xmobar.git
    pantry-tree:
      size: 7776
      sha256: 2ca50fa8885dcc9efcc7a826d5b201095a7a5728d5dccd4cf473d38a26537313
    commit: 6525d5102ef3e1649bc71d29734bbae93cc8c1b7
  original:
    git: https://github.com/jaor/xmobar.git
    commit: 6525d5102ef3e1649bc71d29734bbae93cc8c1b7
- completed:
    hackage: netlink-1.1.1.0@sha256:d83424b5ba9921191449e4b1f53c7cba7f4375f2c55a9b737c77e982e1f40d00,3689
    pantry-tree:
      size: 1598
      sha256: 42a57a2db0d8b44e04a04905ed56994b7293d2f244595bf3e65480c36d114ac3
  original:
    hackage: netlink-1.1.1.0
- completed:
    hackage: libmpd-0.9.2.0@sha256:b514fe25cb131a8a563f1162524358b374c8ce7dde0de073f8a6849496fbe8c8,4010
    pantry-tree:
      size: 3772
      sha256: 4af2758d0bd5fb52612d76b154bb4f5a2bae36fd2a668fca8d227041f600f477
  original:
    hackage: libmpd-0.9.2.0
snapshots:
- completed:
    size: 587819
    url: https://raw.githubusercontent.com/commercialhaskell/stackage-snapshots/master/lts/18/23.yaml
    sha256: 7f69bb29a57495586e7e3ed31ecc59c0d2c959cb23bd52b71ca676f254c9beb1
  original: lts-18.23
