# This file was autogenerated by Stack.
# You should not edit this file by hand.
# For more information, please see the documentation at:
#   https://docs.haskellstack.org/en/stable/topics/lock_files

packages:
- completed:
    hackage: xmonad-0.17.2@sha256:083f43183bdc5dbb70f65cbd287f95c8199c0ed01f524a41747f645843734829,5385
    pantry-tree:
      sha256: 58777df300c413744fa265f6b7216c2ded1652b65b3062e40ff429f07c8e062f
      size: 2486
  original:
    hackage: xmonad-0.17.2
- completed:
    hackage: xmonad-contrib-0.17.1@sha256:ba8a48a04648db62017afca053fccebfb7fc2bab3545348050571cd32b897f79,21446
    pantry-tree:
      sha256: 687d0207514a192d32d988317224993f43b5237561b9a4fc501fe1a73be06971
      size: 22735
  original:
    hackage: xmonad-contrib-0.17.1
- completed:
    hackage: xmobar-0.47.2@sha256:d4642346c3c3f2f59999204a8c25fd5a60a7fb14fd885b3ceb4dfac31e5ded98,14934
    pantry-tree:
      sha256: a52dca4e1245990aafe01b5140c15219b3f850b552023c558c1cb63950d54b9e
      size: 9769
  original:
    hackage: xmobar-0.47.2
- completed:
    hackage: netlink-1.1.1.0@sha256:d83424b5ba9921191449e4b1f53c7cba7f4375f2c55a9b737c77e982e1f40d00,3689
    pantry-tree:
      sha256: 42a57a2db0d8b44e04a04905ed56994b7293d2f244595bf3e65480c36d114ac3
      size: 1598
  original:
    hackage: netlink-1.1.1.0
- completed:
    commit: b308e33d746d7baeec8b4f06645b86e33f1065f6
    git: https://github.com/tjnt/dbus-bluetooth.git
    name: dbus-bluetooth
    pantry-tree:
      sha256: c4277351530e7929fb0ddb09d93c288c4cf83afb34027dc9f30091655e04f9cc
      size: 423
    version: 0.1.0.0
  original:
    commit: b308e33d746d7baeec8b4f06645b86e33f1065f6
    git: https://github.com/tjnt/dbus-bluetooth.git
snapshots:
- completed:
    sha256: a81fb3877c4f9031e1325eb3935122e608d80715dc16b586eb11ddbff8671ecd
    size: 640086
    url: https://raw.githubusercontent.com/commercialhaskell/stackage-snapshots/master/lts/21/25.yaml
  original: lts-21.25
